
Microsoft Visual Studio Solution File, Format Version 12.00
# Visual Studio Version 17
VisualStudioVersion = 17.1.32319.34
MinimumVisualStudioVersion = 10.0.40219.1
Project("{9A19103F-16F7-4668-BE54-9A1E7A4F7556}") = "UniversityAPI", "UniversityAPI.csproj", "{8DD51BBA-F8D1-400E-8A78-9E11DB9274BF}"
EndProject
Project("{9A19103F-16F7-4668-BE54-9A1E7A4F7556}") = "Contracts", "..\Contracts\Contracts.csproj", "{3A6EFCBD-24B2-4986-9728-83B380303113}"
EndProject
Project("{9A19103F-16F7-4668-BE54-9A1E7A4F7556}") = "LoggerService", "..\LoggerService\LoggerService.csproj", "{F460B56F-8BD0-4159-8624-E8DDCFD05D76}"
EndProject
Project("{9A19103F-16F7-4668-BE54-9A1E7A4F7556}") = "Entities", "..\Entities\Entities.csproj", "{6B235B1F-6AE2-4F3C-83C7-0B06B74D3E08}"
EndProject
Project("{9A19103F-16F7-4668-BE54-9A1E7A4F7556}") = "Repository", "..\Repository\Repository.csproj", "{243B73AC-FE75-4977-885D-A6F1C0F74DEB}"
EndProject
Project("{9A19103F-16F7-4668-BE54-9A1E7A4F7556}") = "Service.Contracts", "..\Service.Contracts\Service.Contracts.csproj", "{B04F91D1-ED1D-4CF6-9473-B6CE83827649}"
EndProject
Project("{9A19103F-16F7-4668-BE54-9A1E7A4F7556}") = "Service", "..\Service\Service.csproj", "{6134BB4B-162C-4774-A74E-9EE10517B06F}"
EndProject
Project("{9A19103F-16F7-4668-BE54-9A1E7A4F7556}") = "StudentCourses.Presentation", "..\StudentCourses.Presentation\StudentCourses.Presentation.csproj", "{F2104E6F-AF96-4CB9-964B-B48EB7E7AC12}"
EndProject
Project("{FAE04EC0-301F-11D3-BF4B-00C04F79EFBC}") = "Shared", "..\Shared\Shared.csproj", "{D6CC99A8-B29D-4A53-B53A-DB4582371398}"
EndProject
Global
	GlobalSection(SolutionConfigurationPlatforms) = preSolution
		Debug|Any CPU = Debug|Any CPU
		Release|Any CPU = Release|Any CPU
	EndGlobalSection
	GlobalSection(ProjectConfigurationPlatforms) = postSolution
		{8DD51BBA-F8D1-400E-8A78-9E11DB9274BF}.Debug|Any CPU.ActiveCfg = Debug|Any CPU
		{8DD51BBA-F8D1-400E-8A78-9E11DB9274BF}.Debug|Any CPU.Build.0 = Debug|Any CPU
		{8DD51BBA-F8D1-400E-8A78-9E11DB9274BF}.Release|Any CPU.ActiveCfg = Release|Any CPU
		{8DD51BBA-F8D1-400E-8A78-9E11DB9274BF}.Release|Any CPU.Build.0 = Release|Any CPU
		{3A6EFCBD-24B2-4986-9728-83B380303113}.Debug|Any CPU.ActiveCfg = Debug|Any CPU
		{3A6EFCBD-24B2-4986-9728-83B380303113}.Debug|Any CPU.Build.0 = Debug|Any CPU
		{3A6EFCBD-24B2-4986-9728-83B380303113}.Release|Any CPU.ActiveCfg = Release|Any CPU
		{3A6EFCBD-24B2-4986-9728-83B380303113}.Release|Any CPU.Build.0 = Release|Any CPU
		{F460B56F-8BD0-4159-8624-E8DDCFD05D76}.Debug|Any CPU.ActiveCfg = Debug|Any CPU
		{F460B56F-8BD0-4159-8624-E8DDCFD05D76}.Debug|Any CPU.Build.0 = Debug|Any CPU
		{F460B56F-8BD0-4159-8624-E8DDCFD05D76}.Release|Any CPU.ActiveCfg = Release|Any CPU
		{F460B56F-8BD0-4159-8624-E8DDCFD05D76}.Release|Any CPU.Build.0 = Release|Any CPU
		{6B235B1F-6AE2-4F3C-83C7-0B06B74D3E08}.Debug|Any CPU.ActiveCfg = Debug|Any CPU
		{6B235B1F-6AE2-4F3C-83C7-0B06B74D3E08}.Debug|Any CPU.Build.0 = Debug|Any CPU
		{6B235B1F-6AE2-4F3C-83C7-0B06B74D3E08}.Release|Any CPU.ActiveCfg = Release|Any CPU
		{6B235B1F-6AE2-4F3C-83C7-0B06B74D3E08}.Release|Any CPU.Build.0 = Release|Any CPU
		{243B73AC-FE75-4977-885D-A6F1C0F74DEB}.Debug|Any CPU.ActiveCfg = Debug|Any CPU
		{243B73AC-FE75-4977-885D-A6F1C0F74DEB}.Debug|Any CPU.Build.0 = Debug|Any CPU
		{243B73AC-FE75-4977-885D-A6F1C0F74DEB}.Release|Any CPU.ActiveCfg = Release|Any CPU
		{243B73AC-FE75-4977-885D-A6F1C0F74DEB}.Release|Any CPU.Build.0 = Release|Any CPU
		{B04F91D1-ED1D-4CF6-9473-B6CE83827649}.Debug|Any CPU.ActiveCfg = Debug|Any CPU
		{B04F91D1-ED1D-4CF6-9473-B6CE83827649}.Debug|Any CPU.Build.0 = Debug|Any CPU
		{B04F91D1-ED1D-4CF6-9473-B6CE83827649}.Release|Any CPU.ActiveCfg = Release|Any CPU
		{B04F91D1-ED1D-4CF6-9473-B6CE83827649}.Release|Any CPU.Build.0 = Release|Any CPU
		{6134BB4B-162C-4774-A74E-9EE10517B06F}.Debug|Any CPU.ActiveCfg = Debug|Any CPU
		{6134BB4B-162C-4774-A74E-9EE10517B06F}.Debug|Any CPU.Build.0 = Debug|Any CPU
		{6134BB4B-162C-4774-A74E-9EE10517B06F}.Release|Any CPU.ActiveCfg = Release|Any CPU
		{6134BB4B-162C-4774-A74E-9EE10517B06F}.Release|Any CPU.Build.0 = Release|Any CPU
		{F2104E6F-AF96-4CB9-964B-B48EB7E7AC12}.Debug|Any CPU.ActiveCfg = Debug|Any CPU
		{F2104E6F-AF96-4CB9-964B-B48EB7E7AC12}.Debug|Any CPU.Build.0 = Debug|Any CPU
		{F2104E6F-AF96-4CB9-964B-B48EB7E7AC12}.Release|Any CPU.ActiveCfg = Release|Any CPU
		{F2104E6F-AF96-4CB9-964B-B48EB7E7AC12}.Release|Any CPU.Build.0 = Release|Any CPU
		{D6CC99A8-B29D-4A53-B53A-DB4582371398}.Debug|Any CPU.ActiveCfg = Debug|Any CPU
		{D6CC99A8-B29D-4A53-B53A-DB4582371398}.Debug|Any CPU.Build.0 = Debug|Any CPU
		{D6CC99A8-B29D-4A53-B53A-DB4582371398}.Release|Any CPU.ActiveCfg = Release|Any CPU
		{D6CC99A8-B29D-4A53-B53A-DB4582371398}.Release|Any CPU.Build.0 = Release|Any CPU
	EndGlobalSection
	GlobalSection(SolutionProperties) = preSolution
		HideSolutionNode = FALSE
	EndGlobalSection
	GlobalSection(ExtensibilityGlobals) = postSolution
		SolutionGuid = {B700E997-AC15-451A-99D3-91FAE40A0407}
	EndGlobalSection
EndGlobal
